
Microsoft Visual Studio Solution File, Format Version 12.00
# Visual Studio Version 16
VisualStudioVersion = 16.0.35325.158
MinimumVisualStudioVersion = 10.0.40219.1
Project("{FAE04EC0-301F-11D3-BF4B-00C04F79EFBC}") = "solarwinds", "solarwinds\solarwinds.csproj", "{CE3F10CB-26F5-4637-BEEE-7CEEFD57A04B}"
EndProject
Global
	GlobalSection(SolutionConfigurationPlatforms) = preSolution
		Debug|Any CPU = Debug|Any CPU
		Debug|x64 = Debug|x64
		Release|Any CPU = Release|Any CPU
		Release|x64 = Release|x64
	EndGlobalSection
	GlobalSection(ProjectConfigurationPlatforms) = postSolution
		{CE3F10CB-26F5-4637-BEEE-7CEEFD57A04B}.Debug|Any CPU.ActiveCfg = Debug|Any CPU
		{CE3F10CB-26F5-4637-BEEE-7CEEFD57A04B}.Debug|Any CPU.Build.0 = Debug|Any CPU
		{CE3F10CB-26F5-4637-BEEE-7CEEFD57A04B}.Debug|x64.ActiveCfg = Debug|x64
		{CE3F10CB-26F5-4637-BEEE-7CEEFD57A04B}.Debug|x64.Build.0 = Debug|x64
		{CE3F10CB-26F5-4637-BEEE-7CEEFD57A04B}.Release|Any CPU.ActiveCfg = Release|Any CPU
		{CE3F10CB-26F5-4637-BEEE-7CEEFD57A04B}.Release|Any CPU.Build.0 = Release|Any CPU
		{CE3F10CB-26F5-4637-BEEE-7CEEFD57A04B}.Release|x64.ActiveCfg = Release|x64
		{CE3F10CB-26F5-4637-BEEE-7CEEFD57A04B}.Release|x64.Build.0 = Release|x64
	EndGlobalSection
	GlobalSection(SolutionProperties) = preSolution
		HideSolutionNode = FALSE
	EndGlobalSection
	GlobalSection(ExtensibilityGlobals) = postSolution
		SolutionGuid = {22D129EE-115B-48BF-822C-C0ABE6CAA9FD}
	EndGlobalSection
EndGlobal
